
Microsoft Visual Studio Solution File, Format Version 12.00
# Visual Studio Version 17
VisualStudioVersion = 17.5.2.0
MinimumVisualStudioVersion = 10.0.40219.1
Project("{FAE04EC0-301F-11D3-BF4B-00C04F79EFBC}") = "DigitalTwin.Tests", "DigitalTwin.Tests\DigitalTwin.Tests.csproj", "{781E1DB7-7E8B-442E-B7C1-FF3701ECBFDE}"
EndProject
Project("{2150E333-8FDC-42A3-9474-1A3956D46DE8}") = "Tests", "Tests", "{F354CA28-040E-452D-827A-CC0521AB8D1F}"
EndProject
Project("{2150E333-8FDC-42A3-9474-1A3956D46DE8}") = "API", "API", "{D82C56D6-B2CD-F611-9E31-04638F7EC30E}"
EndProject
Project("{FAE04EC0-301F-11D3-BF4B-00C04F79EFBC}") = "DigitalTwin.Application", "API\DigitalTwin.Application\DigitalTwin.Application.csproj", "{FDCD2D2A-6D47-49FB-B851-187DBB89D9C6}"
EndProject
Project("{FAE04EC0-301F-11D3-BF4B-00C04F79EFBC}") = "DigitalTwin.Domain", "API\DigitalTwin.Domain\DigitalTwin.Domain.csproj", "{40C212DD-FBC5-4ACB-A38C-D49B65C21A6A}"
EndProject
Project("{FAE04EC0-301F-11D3-BF4B-00C04F79EFBC}") = "DigitalTwin.Composition", "API\DigitalTwin.Composition\DigitalTwin.Composition.csproj", "{8D04B688-3744-42FC-83CA-CE9F236DD2E0}"
EndProject
Project("{FAE04EC0-301F-11D3-BF4B-00C04F79EFBC}") = "DigitalTwin.Infrastructure", "API\DigitalTwin.Infrastructure\DigitalTwin.Infrastructure.csproj", "{6A140C2E-EEA2-44F4-9657-0390F120FD30}"
EndProject
Project("{FAE04EC0-301F-11D3-BF4B-00C04F79EFBC}") = "DigitalTwin.Integrations", "API\DigitalTwin.Integrations\DigitalTwin.Integrations.csproj", "{AAF1CBB7-9414-43ED-9118-3FEADAE0C7A7}"
EndProject
Project("{FAE04EC0-301F-11D3-BF4B-00C04F79EFBC}") = "DigitalTwin.WebAPI", "API\DigitalTwin.WebAPI\DigitalTwin.WebAPI.csproj", "{7E1C6302-3675-4C08-90D8-18873D2857F9}"
EndProject
Global
	GlobalSection(SolutionConfigurationPlatforms) = preSolution
		Debug|Any CPU = Debug|Any CPU
		Debug|x64 = Debug|x64
		Debug|x86 = Debug|x86
		Release|Any CPU = Release|Any CPU
		Release|x64 = Release|x64
		Release|x86 = Release|x86
	EndGlobalSection
	GlobalSection(ProjectConfigurationPlatforms) = postSolution
		{781E1DB7-7E8B-442E-B7C1-FF3701ECBFDE}.Debug|Any CPU.ActiveCfg = Debug|Any CPU
		{781E1DB7-7E8B-442E-B7C1-FF3701ECBFDE}.Debug|Any CPU.Build.0 = Debug|Any CPU
		{781E1DB7-7E8B-442E-B7C1-FF3701ECBFDE}.Debug|x64.ActiveCfg = Debug|Any CPU
		{781E1DB7-7E8B-442E-B7C1-FF3701ECBFDE}.Debug|x64.Build.0 = Debug|Any CPU
		{781E1DB7-7E8B-442E-B7C1-FF3701ECBFDE}.Debug|x86.ActiveCfg = Debug|Any CPU
		{781E1DB7-7E8B-442E-B7C1-FF3701ECBFDE}.Debug|x86.Build.0 = Debug|Any CPU
		{781E1DB7-7E8B-442E-B7C1-FF3701ECBFDE}.Release|Any CPU.ActiveCfg = Release|Any CPU
		{781E1DB7-7E8B-442E-B7C1-FF3701ECBFDE}.Release|Any CPU.Build.0 = Release|Any CPU
		{781E1DB7-7E8B-442E-B7C1-FF3701ECBFDE}.Release|x64.ActiveCfg = Release|Any CPU
		{781E1DB7-7E8B-442E-B7C1-FF3701ECBFDE}.Release|x64.Build.0 = Release|Any CPU
		{781E1DB7-7E8B-442E-B7C1-FF3701ECBFDE}.Release|x86.ActiveCfg = Release|Any CPU
		{781E1DB7-7E8B-442E-B7C1-FF3701ECBFDE}.Release|x86.Build.0 = Release|Any CPU
		{FDCD2D2A-6D47-49FB-B851-187DBB89D9C6}.Debug|Any CPU.ActiveCfg = Debug|Any CPU
		{FDCD2D2A-6D47-49FB-B851-187DBB89D9C6}.Debug|Any CPU.Build.0 = Debug|Any CPU
		{FDCD2D2A-6D47-49FB-B851-187DBB89D9C6}.Debug|x64.ActiveCfg = Debug|Any CPU
		{FDCD2D2A-6D47-49FB-B851-187DBB89D9C6}.Debug|x64.Build.0 = Debug|Any CPU
		{FDCD2D2A-6D47-49FB-B851-187DBB89D9C6}.Debug|x86.ActiveCfg = Debug|Any CPU
		{FDCD2D2A-6D47-49FB-B851-187DBB89D9C6}.Debug|x86.Build.0 = Debug|Any CPU
		{FDCD2D2A-6D47-49FB-B851-187DBB89D9C6}.Release|Any CPU.ActiveCfg = Release|Any CPU
		{FDCD2D2A-6D47-49FB-B851-187DBB89D9C6}.Release|Any CPU.Build.0 = Release|Any CPU
		{FDCD2D2A-6D47-49FB-B851-187DBB89D9C6}.Release|x64.ActiveCfg = Release|Any CPU
		{FDCD2D2A-6D47-49FB-B851-187DBB89D9C6}.Release|x64.Build.0 = Release|Any CPU
		{FDCD2D2A-6D47-49FB-B851-187DBB89D9C6}.Release|x86.ActiveCfg = Release|Any CPU
		{FDCD2D2A-6D47-49FB-B851-187DBB89D9C6}.Release|x86.Build.0 = Release|Any CPU
		{40C212DD-FBC5-4ACB-A38C-D49B65C21A6A}.Debug|Any CPU.ActiveCfg = Debug|Any CPU
		{40C212DD-FBC5-4ACB-A38C-D49B65C21A6A}.Debug|Any CPU.Build.0 = Debug|Any CPU
		{40C212DD-FBC5-4ACB-A38C-D49B65C21A6A}.Debug|x64.ActiveCfg = Debug|Any CPU
		{40C212DD-FBC5-4ACB-A38C-D49B65C21A6A}.Debug|x64.Build.0 = Debug|Any CPU
		{40C212DD-FBC5-4ACB-A38C-D49B65C21A6A}.Debug|x86.ActiveCfg = Debug|Any CPU
		{40C212DD-FBC5-4ACB-A38C-D49B65C21A6A}.Debug|x86.Build.0 = Debug|Any CPU
		{40C212DD-FBC5-4ACB-A38C-D49B65C21A6A}.Release|Any CPU.ActiveCfg = Release|Any CPU
		{40C212DD-FBC5-4ACB-A38C-D49B65C21A6A}.Release|Any CPU.Build.0 = Release|Any CPU
		{40C212DD-FBC5-4ACB-A38C-D49B65C21A6A}.Release|x64.ActiveCfg = Release|Any CPU
		{40C212DD-FBC5-4ACB-A38C-D49B65C21A6A}.Release|x64.Build.0 = Release|Any CPU
		{40C212DD-FBC5-4ACB-A38C-D49B65C21A6A}.Release|x86.ActiveCfg = Release|Any CPU
		{40C212DD-FBC5-4ACB-A38C-D49B65C21A6A}.Release|x86.Build.0 = Release|Any CPU
		{8D04B688-3744-42FC-83CA-CE9F236DD2E0}.Debug|Any CPU.ActiveCfg = Debug|Any CPU
		{8D04B688-3744-42FC-83CA-CE9F236DD2E0}.Debug|Any CPU.Build.0 = Debug|Any CPU
		{8D04B688-3744-42FC-83CA-CE9F236DD2E0}.Debug|x64.ActiveCfg = Debug|Any CPU
		{8D04B688-3744-42FC-83CA-CE9F236DD2E0}.Debug|x64.Build.0 = Debug|Any CPU
		{8D04B688-3744-42FC-83CA-CE9F236DD2E0}.Debug|x86.ActiveCfg = Debug|Any CPU
		{8D04B688-3744-42FC-83CA-CE9F236DD2E0}.Debug|x86.Build.0 = Debug|Any CPU
		{8D04B688-3744-42FC-83CA-CE9F236DD2E0}.Release|Any CPU.ActiveCfg = Release|Any CPU
		{8D04B688-3744-42FC-83CA-CE9F236DD2E0}.Release|Any CPU.Build.0 = Release|Any CPU
		{8D04B688-3744-42FC-83CA-CE9F236DD2E0}.Release|x64.ActiveCfg = Release|Any CPU
		{8D04B688-3744-42FC-83CA-CE9F236DD2E0}.Release|x64.Build.0 = Release|Any CPU
		{8D04B688-3744-42FC-83CA-CE9F236DD2E0}.Release|x86.ActiveCfg = Release|Any CPU
		{8D04B688-3744-42FC-83CA-CE9F236DD2E0}.Release|x86.Build.0 = Release|Any CPU
		{6A140C2E-EEA2-44F4-9657-0390F120FD30}.Debug|Any CPU.ActiveCfg = Debug|Any CPU
		{6A140C2E-EEA2-44F4-9657-0390F120FD30}.Debug|Any CPU.Build.0 = Debug|Any CPU
		{6A140C2E-EEA2-44F4-9657-0390F120FD30}.Debug|x64.ActiveCfg = Debug|Any CPU
		{6A140C2E-EEA2-44F4-9657-0390F120FD30}.Debug|x64.Build.0 = Debug|Any CPU
		{6A140C2E-EEA2-44F4-9657-0390F120FD30}.Debug|x86.ActiveCfg = Debug|Any CPU
		{6A140C2E-EEA2-44F4-9657-0390F120FD30}.Debug|x86.Build.0 = Debug|Any CPU
		{6A140C2E-EEA2-44F4-9657-0390F120FD30}.Release|Any CPU.ActiveCfg = Release|Any CPU
		{6A140C2E-EEA2-44F4-9657-0390F120FD30}.Release|Any CPU.Build.0 = Release|Any CPU
		{6A140C2E-EEA2-44F4-9657-0390F120FD30}.Release|x64.ActiveCfg = Release|Any CPU
		{6A140C2E-EEA2-44F4-9657-0390F120FD30}.Release|x64.Build.0 = Release|Any CPU
		{6A140C2E-EEA2-44F4-9657-0390F120FD30}.Release|x86.ActiveCfg = Release|Any CPU
		{6A140C2E-EEA2-44F4-9657-0390F120FD30}.Release|x86.Build.0 = Release|Any CPU
		{AAF1CBB7-9414-43ED-9118-3FEADAE0C7A7}.Debug|Any CPU.ActiveCfg = Debug|Any CPU
		{AAF1CBB7-9414-43ED-9118-3FEADAE0C7A7}.Debug|Any CPU.Build.0 = Debug|Any CPU
		{AAF1CBB7-9414-43ED-9118-3FEADAE0C7A7}.Debug|x64.ActiveCfg = Debug|Any CPU
		{AAF1CBB7-9414-43ED-9118-3FEADAE0C7A7}.Debug|x64.Build.0 = Debug|Any CPU
		{AAF1CBB7-9414-43ED-9118-3FEADAE0C7A7}.Debug|x86.ActiveCfg = Debug|Any CPU
		{AAF1CBB7-9414-43ED-9118-3FEADAE0C7A7}.Debug|x86.Build.0 = Debug|Any CPU
		{AAF1CBB7-9414-43ED-9118-3FEADAE0C7A7}.Release|Any CPU.ActiveCfg = Release|Any CPU
		{AAF1CBB7-9414-43ED-9118-3FEADAE0C7A7}.Release|Any CPU.Build.0 = Release|Any CPU
		{AAF1CBB7-9414-43ED-9118-3FEADAE0C7A7}.Release|x64.ActiveCfg = Release|Any CPU
		{AAF1CBB7-9414-43ED-9118-3FEADAE0C7A7}.Release|x64.Build.0 = Release|Any CPU
		{AAF1CBB7-9414-43ED-9118-3FEADAE0C7A7}.Release|x86.ActiveCfg = Release|Any CPU
		{AAF1CBB7-9414-43ED-9118-3FEADAE0C7A7}.Release|x86.Build.0 = Release|Any CPU
		{7E1C6302-3675-4C08-90D8-18873D2857F9}.Debug|Any CPU.ActiveCfg = Debug|Any CPU
		{7E1C6302-3675-4C08-90D8-18873D2857F9}.Debug|Any CPU.Build.0 = Debug|Any CPU
		{7E1C6302-3675-4C08-90D8-18873D2857F9}.Debug|x64.ActiveCfg = Debug|Any CPU
		{7E1C6302-3675-4C08-90D8-18873D2857F9}.Debug|x64.Build.0 = Debug|Any CPU
		{7E1C6302-3675-4C08-90D8-18873D2857F9}.Debug|x86.ActiveCfg = Debug|Any CPU
		{7E1C6302-3675-4C08-90D8-18873D2857F9}.Debug|x86.Build.0 = Debug|Any CPU
		{7E1C6302-3675-4C08-90D8-18873D2857F9}.Release|Any CPU.ActiveCfg = Release|Any CPU
		{7E1C6302-3675-4C08-90D8-18873D2857F9}.Release|Any CPU.Build.0 = Release|Any CPU
		{7E1C6302-3675-4C08-90D8-18873D2857F9}.Release|x64.ActiveCfg = Release|Any CPU
		{7E1C6302-3675-4C08-90D8-18873D2857F9}.Release|x64.Build.0 = Release|Any CPU
		{7E1C6302-3675-4C08-90D8-18873D2857F9}.Release|x86.ActiveCfg = Release|Any CPU
		{7E1C6302-3675-4C08-90D8-18873D2857F9}.Release|x86.Build.0 = Release|Any CPU
	EndGlobalSection
	GlobalSection(SolutionProperties) = preSolution
		HideSolutionNode = FALSE
	EndGlobalSection
	GlobalSection(NestedProjects) = preSolution
		{781E1DB7-7E8B-442E-B7C1-FF3701ECBFDE} = {F354CA28-040E-452D-827A-CC0521AB8D1F}
		{FDCD2D2A-6D47-49FB-B851-187DBB89D9C6} = {D82C56D6-B2CD-F611-9E31-04638F7EC30E}
		{40C212DD-FBC5-4ACB-A38C-D49B65C21A6A} = {D82C56D6-B2CD-F611-9E31-04638F7EC30E}
		{8D04B688-3744-42FC-83CA-CE9F236DD2E0} = {D82C56D6-B2CD-F611-9E31-04638F7EC30E}
		{6A140C2E-EEA2-44F4-9657-0390F120FD30} = {D82C56D6-B2CD-F611-9E31-04638F7EC30E}
		{AAF1CBB7-9414-43ED-9118-3FEADAE0C7A7} = {D82C56D6-B2CD-F611-9E31-04638F7EC30E}
		{7E1C6302-3675-4C08-90D8-18873D2857F9} = {D82C56D6-B2CD-F611-9E31-04638F7EC30E}
	EndGlobalSection
	GlobalSection(ExtensibilityGlobals) = postSolution
		SolutionGuid = {62C2E9CE-261A-45C7-B861-86B1A922C985}
	EndGlobalSection
EndGlobal
